
Microsoft Visual Studio Solution File, Format Version 12.00
# Visual Studio 15
VisualStudioVersion = 15.0.27703.2035
MinimumVisualStudioVersion = 10.0.40219.1
Project("{FAE04EC0-301F-11D3-BF4B-00C04F79EFBC}") = "TravelRecordApp.Android", "TravelRecordApp\TravelRecordApp.Android\TravelRecordApp.Android.csproj", "{BBCA324D-A3DD-46B0-9407-E198410058A8}"
EndProject
Project("{FAE04EC0-301F-11D3-BF4B-00C04F79EFBC}") = "TravelRecordApp.iOS", "TravelRecordApp\TravelRecordApp.iOS\TravelRecordApp.iOS.csproj", "{DDD7AEAF-1CB2-475C-9BDC-769050E299FE}"
EndProject
Project("{FAE04EC0-301F-11D3-BF4B-00C04F79EFBC}") = "TravelRecordApp", "TravelRecordApp\TravelRecordApp\TravelRecordApp.csproj", "{FFA32189-0897-4E04-BFC0-BF2C1FED7845}"
EndProject
Global
	GlobalSection(SolutionConfigurationPlatforms) = preSolution
		Ad-Hoc|Any CPU = Ad-Hoc|Any CPU
		Ad-Hoc|iPhone = Ad-Hoc|iPhone
		Ad-Hoc|iPhoneSimulator = Ad-Hoc|iPhoneSimulator
		AppStore|Any CPU = AppStore|Any CPU
		AppStore|iPhone = AppStore|iPhone
		AppStore|iPhoneSimulator = AppStore|iPhoneSimulator
		Debug|Any CPU = Debug|Any CPU
		Debug|iPhone = Debug|iPhone
		Debug|iPhoneSimulator = Debug|iPhoneSimulator
		Release|Any CPU = Release|Any CPU
		Release|iPhone = Release|iPhone
		Release|iPhoneSimulator = Release|iPhoneSimulator
	EndGlobalSection
	GlobalSection(ProjectConfigurationPlatforms) = postSolution
		{BBCA324D-A3DD-46B0-9407-E198410058A8}.Ad-Hoc|Any CPU.ActiveCfg = Release|Any CPU
		{BBCA324D-A3DD-46B0-9407-E198410058A8}.Ad-Hoc|Any CPU.Build.0 = Release|Any CPU
		{BBCA324D-A3DD-46B0-9407-E198410058A8}.Ad-Hoc|Any CPU.Deploy.0 = Release|Any CPU
		{BBCA324D-A3DD-46B0-9407-E198410058A8}.Ad-Hoc|iPhone.ActiveCfg = Release|Any CPU
		{BBCA324D-A3DD-46B0-9407-E198410058A8}.Ad-Hoc|iPhone.Build.0 = Release|Any CPU
		{BBCA324D-A3DD-46B0-9407-E198410058A8}.Ad-Hoc|iPhone.Deploy.0 = Release|Any CPU
		{BBCA324D-A3DD-46B0-9407-E198410058A8}.Ad-Hoc|iPhoneSimulator.ActiveCfg = Release|Any CPU
		{BBCA324D-A3DD-46B0-9407-E198410058A8}.Ad-Hoc|iPhoneSimulator.Build.0 = Release|Any CPU
		{BBCA324D-A3DD-46B0-9407-E198410058A8}.Ad-Hoc|iPhoneSimulator.Deploy.0 = Release|Any CPU
		{BBCA324D-A3DD-46B0-9407-E198410058A8}.AppStore|Any CPU.ActiveCfg = Release|Any CPU
		{BBCA324D-A3DD-46B0-9407-E198410058A8}.AppStore|Any CPU.Build.0 = Release|Any CPU
		{BBCA324D-A3DD-46B0-9407-E198410058A8}.AppStore|Any CPU.Deploy.0 = Release|Any CPU
		{BBCA324D-A3DD-46B0-9407-E198410058A8}.AppStore|iPhone.ActiveCfg = Release|Any CPU
		{BBCA324D-A3DD-46B0-9407-E198410058A8}.AppStore|iPhone.Build.0 = Release|Any CPU
		{BBCA324D-A3DD-46B0-9407-E198410058A8}.AppStore|iPhone.Deploy.0 = Release|Any CPU
		{BBCA324D-A3DD-46B0-9407-E198410058A8}.AppStore|iPhoneSimulator.ActiveCfg = Release|Any CPU
		{BBCA324D-A3DD-46B0-9407-E198410058A8}.AppStore|iPhoneSimulator.Build.0 = Release|Any CPU
		{BBCA324D-A3DD-46B0-9407-E198410058A8}.AppStore|iPhoneSimulator.Deploy.0 = Release|Any CPU
		{BBCA324D-A3DD-46B0-9407-E198410058A8}.Debug|Any CPU.ActiveCfg = Debug|Any CPU
		{BBCA324D-A3DD-46B0-9407-E198410058A8}.Debug|Any CPU.Build.0 = Debug|Any CPU
		{BBCA324D-A3DD-46B0-9407-E198410058A8}.Debug|Any CPU.Deploy.0 = Debug|Any CPU
		{BBCA324D-A3DD-46B0-9407-E198410058A8}.Debug|iPhone.ActiveCfg = Debug|Any CPU
		{BBCA324D-A3DD-46B0-9407-E198410058A8}.Debug|iPhone.Build.0 = Debug|Any CPU
		{BBCA324D-A3DD-46B0-9407-E198410058A8}.Debug|iPhone.Deploy.0 = Debug|Any CPU
		{BBCA324D-A3DD-46B0-9407-E198410058A8}.Debug|iPhoneSimulator.ActiveCfg = Debug|Any CPU
		{BBCA324D-A3DD-46B0-9407-E198410058A8}.Debug|iPhoneSimulator.Build.0 = Debug|Any CPU
		{BBCA324D-A3DD-46B0-9407-E198410058A8}.Debug|iPhoneSimulator.Deploy.0 = Debug|Any CPU
		{BBCA324D-A3DD-46B0-9407-E198410058A8}.Release|Any CPU.ActiveCfg = Release|Any CPU
		{BBCA324D-A3DD-46B0-9407-E198410058A8}.Release|Any CPU.Build.0 = Release|Any CPU
		{BBCA324D-A3DD-46B0-9407-E198410058A8}.Release|Any CPU.Deploy.0 = Release|Any CPU
		{BBCA324D-A3DD-46B0-9407-E198410058A8}.Release|iPhone.ActiveCfg = Release|Any CPU
		{BBCA324D-A3DD-46B0-9407-E198410058A8}.Release|iPhone.Build.0 = Release|Any CPU
		{BBCA324D-A3DD-46B0-9407-E198410058A8}.Release|iPhone.Deploy.0 = Release|Any CPU
		{BBCA324D-A3DD-46B0-9407-E198410058A8}.Release|iPhoneSimulator.ActiveCfg = Release|Any CPU
		{BBCA324D-A3DD-46B0-9407-E198410058A8}.Release|iPhoneSimulator.Build.0 = Release|Any CPU
		{BBCA324D-A3DD-46B0-9407-E198410058A8}.Release|iPhoneSimulator.Deploy.0 = Release|Any CPU
		{DDD7AEAF-1CB2-475C-9BDC-769050E299FE}.Ad-Hoc|Any CPU.ActiveCfg = Ad-Hoc|iPhone
		{DDD7AEAF-1CB2-475C-9BDC-769050E299FE}.Ad-Hoc|Any CPU.Build.0 = Ad-Hoc|iPhone
		{DDD7AEAF-1CB2-475C-9BDC-769050E299FE}.Ad-Hoc|Any CPU.Deploy.0 = Ad-Hoc|iPhone
		{DDD7AEAF-1CB2-475C-9BDC-769050E299FE}.Ad-Hoc|iPhone.ActiveCfg = Ad-Hoc|iPhone
		{DDD7AEAF-1CB2-475C-9BDC-769050E299FE}.Ad-Hoc|iPhone.Build.0 = Ad-Hoc|iPhone
		{DDD7AEAF-1CB2-475C-9BDC-769050E299FE}.Ad-Hoc|iPhone.Deploy.0 = Ad-Hoc|iPhone
		{DDD7AEAF-1CB2-475C-9BDC-769050E299FE}.Ad-Hoc|iPhoneSimulator.ActiveCfg = Ad-Hoc|iPhoneSimulator
		{DDD7AEAF-1CB2-475C-9BDC-769050E299FE}.Ad-Hoc|iPhoneSimulator.Build.0 = Ad-Hoc|iPhoneSimulator
		{DDD7AEAF-1CB2-475C-9BDC-769050E299FE}.Ad-Hoc|iPhoneSimulator.Deploy.0 = Ad-Hoc|iPhoneSimulator
		{DDD7AEAF-1CB2-475C-9BDC-769050E299FE}.AppStore|Any CPU.ActiveCfg = AppStore|iPhone
		{DDD7AEAF-1CB2-475C-9BDC-769050E299FE}.AppStore|Any CPU.Build.0 = AppStore|iPhone
		{DDD7AEAF-1CB2-475C-9BDC-769050E299FE}.AppStore|Any CPU.Deploy.0 = AppStore|iPhone
		{DDD7AEAF-1CB2-475C-9BDC-769050E299FE}.AppStore|iPhone.ActiveCfg = AppStore|iPhone
		{DDD7AEAF-1CB2-475C-9BDC-769050E299FE}.AppStore|iPhone.Build.0 = AppStore|iPhone
		{DDD7AEAF-1CB2-475C-9BDC-769050E299FE}.AppStore|iPhone.Deploy.0 = AppStore|iPhone
		{DDD7AEAF-1CB2-475C-9BDC-769050E299FE}.AppStore|iPhoneSimulator.ActiveCfg = AppStore|iPhoneSimulator
		{DDD7AEAF-1CB2-475C-9BDC-769050E299FE}.AppStore|iPhoneSimulator.Build.0 = AppStore|iPhoneSimulator
		{DDD7AEAF-1CB2-475C-9BDC-769050E299FE}.AppStore|iPhoneSimulator.Deploy.0 = AppStore|iPhoneSimulator
		{DDD7AEAF-1CB2-475C-9BDC-769050E299FE}.Debug|Any CPU.ActiveCfg = Debug|iPhoneSimulator
		{DDD7AEAF-1CB2-475C-9BDC-769050E299FE}.Debug|Any CPU.Build.0 = Debug|iPhoneSimulator
		{DDD7AEAF-1CB2-475C-9BDC-769050E299FE}.Debug|Any CPU.Deploy.0 = Debug|iPhoneSimulator
		{DDD7AEAF-1CB2-475C-9BDC-769050E299FE}.Debug|iPhone.ActiveCfg = Debug|iPhone
		{DDD7AEAF-1CB2-475C-9BDC-769050E299FE}.Debug|iPhone.Build.0 = Debug|iPhone
		{DDD7AEAF-1CB2-475C-9BDC-769050E299FE}.Debug|iPhone.Deploy.0 = Debug|iPhone
		{DDD7AEAF-1CB2-475C-9BDC-769050E299FE}.Debug|iPhoneSimulator.ActiveCfg = Debug|iPhoneSimulator
		{DDD7AEAF-1CB2-475C-9BDC-769050E299FE}.Debug|iPhoneSimulator.Build.0 = Debug|iPhoneSimulator
		{DDD7AEAF-1CB2-475C-9BDC-769050E299FE}.Debug|iPhoneSimulator.Deploy.0 = Debug|iPhoneSimulator
		{DDD7AEAF-1CB2-475C-9BDC-769050E299FE}.Release|Any CPU.ActiveCfg = Release|iPhone
		{DDD7AEAF-1CB2-475C-9BDC-769050E299FE}.Release|Any CPU.Build.0 = Release|iPhone
		{DDD7AEAF-1CB2-475C-9BDC-769050E299FE}.Release|Any CPU.Deploy.0 = Release|iPhone
		{DDD7AEAF-1CB2-475C-9BDC-769050E299FE}.Release|iPhone.ActiveCfg = Release|iPhone
		{DDD7AEAF-1CB2-475C-9BDC-769050E299FE}.Release|iPhone.Build.0 = Release|iPhone
		{DDD7AEAF-1CB2-475C-9BDC-769050E299FE}.Release|iPhone.Deploy.0 = Release|iPhone
		{DDD7AEAF-1CB2-475C-9BDC-769050E299FE}.Release|iPhoneSimulator.ActiveCfg = Release|iPhoneSimulator
		{DDD7AEAF-1CB2-475C-9BDC-769050E299FE}.Release|iPhoneSimulator.Build.0 = Release|iPhoneSimulator
		{DDD7AEAF-1CB2-475C-9BDC-769050E299FE}.Release|iPhoneSimulator.Deploy.0 = Release|iPhoneSimulator
		{FFA32189-0897-4E04-BFC0-BF2C1FED7845}.Ad-Hoc|Any CPU.ActiveCfg = Debug|Any CPU
		{FFA32189-0897-4E04-BFC0-BF2C1FED7845}.Ad-Hoc|Any CPU.Build.0 = Debug|Any CPU
		{FFA32189-0897-4E04-BFC0-BF2C1FED7845}.Ad-Hoc|Any CPU.Deploy.0 = Debug|Any CPU
		{FFA32189-0897-4E04-BFC0-BF2C1FED7845}.Ad-Hoc|iPhone.ActiveCfg = Debug|Any CPU
		{FFA32189-0897-4E04-BFC0-BF2C1FED7845}.Ad-Hoc|iPhone.Build.0 = Debug|Any CPU
		{FFA32189-0897-4E04-BFC0-BF2C1FED7845}.Ad-Hoc|iPhone.Deploy.0 = Debug|Any CPU
		{FFA32189-0897-4E04-BFC0-BF2C1FED7845}.Ad-Hoc|iPhoneSimulator.ActiveCfg = Debug|Any CPU
		{FFA32189-0897-4E04-BFC0-BF2C1FED7845}.Ad-Hoc|iPhoneSimulator.Build.0 = Debug|Any CPU
		{FFA32189-0897-4E04-BFC0-BF2C1FED7845}.Ad-Hoc|iPhoneSimulator.Deploy.0 = Debug|Any CPU
		{FFA32189-0897-4E04-BFC0-BF2C1FED7845}.AppStore|Any CPU.ActiveCfg = Debug|Any CPU
		{FFA32189-0897-4E04-BFC0-BF2C1FED7845}.AppStore|Any CPU.Build.0 = Debug|Any CPU
		{FFA32189-0897-4E04-BFC0-BF2C1FED7845}.AppStore|Any CPU.Deploy.0 = Debug|Any CPU
		{FFA32189-0897-4E04-BFC0-BF2C1FED7845}.AppStore|iPhone.ActiveCfg = Debug|Any CPU
		{FFA32189-0897-4E04-BFC0-BF2C1FED7845}.AppStore|iPhone.Build.0 = Debug|Any CPU
		{FFA32189-0897-4E04-BFC0-BF2C1FED7845}.AppStore|iPhone.Deploy.0 = Debug|Any CPU
		{FFA32189-0897-4E04-BFC0-BF2C1FED7845}.AppStore|iPhoneSimulator.ActiveCfg = Debug|Any CPU
		{FFA32189-0897-4E04-BFC0-BF2C1FED7845}.AppStore|iPhoneSimulator.Build.0 = Debug|Any CPU
		{FFA32189-0897-4E04-BFC0-BF2C1FED7845}.AppStore|iPhoneSimulator.Deploy.0 = Debug|Any CPU
		{FFA32189-0897-4E04-BFC0-BF2C1FED7845}.Debug|Any CPU.ActiveCfg = Debug|Any CPU
		{FFA32189-0897-4E04-BFC0-BF2C1FED7845}.Debug|Any CPU.Build.0 = Debug|Any CPU
		{FFA32189-0897-4E04-BFC0-BF2C1FED7845}.Debug|Any CPU.Deploy.0 = Debug|Any CPU
		{FFA32189-0897-4E04-BFC0-BF2C1FED7845}.Debug|iPhone.ActiveCfg = Debug|Any CPU
		{FFA32189-0897-4E04-BFC0-BF2C1FED7845}.Debug|iPhone.Build.0 = Debug|Any CPU
		{FFA32189-0897-4E04-BFC0-BF2C1FED7845}.Debug|iPhone.Deploy.0 = Debug|Any CPU
		{FFA32189-0897-4E04-BFC0-BF2C1FED7845}.Debug|iPhoneSimulator.ActiveCfg = Debug|Any CPU
		{FFA32189-0897-4E04-BFC0-BF2C1FED7845}.Debug|iPhoneSimulator.Build.0 = Debug|Any CPU
		{FFA32189-0897-4E04-BFC0-BF2C1FED7845}.Debug|iPhoneSimulator.Deploy.0 = Debug|Any CPU
		{FFA32189-0897-4E04-BFC0-BF2C1FED7845}.Release|Any CPU.ActiveCfg = Release|Any CPU
		{FFA32189-0897-4E04-BFC0-BF2C1FED7845}.Release|Any CPU.Build.0 = Release|Any CPU
		{FFA32189-0897-4E04-BFC0-BF2C1FED7845}.Release|Any CPU.Deploy.0 = Release|Any CPU
		{FFA32189-0897-4E04-BFC0-BF2C1FED7845}.Release|iPhone.ActiveCfg = Release|Any CPU
		{FFA32189-0897-4E04-BFC0-BF2C1FED7845}.Release|iPhone.Build.0 = Release|Any CPU
		{FFA32189-0897-4E04-BFC0-BF2C1FED7845}.Release|iPhone.Deploy.0 = Release|Any CPU
		{FFA32189-0897-4E04-BFC0-BF2C1FED7845}.Release|iPhoneSimulator.ActiveCfg = Release|Any CPU
		{FFA32189-0897-4E04-BFC0-BF2C1FED7845}.Release|iPhoneSimulator.Build.0 = Release|Any CPU
		{FFA32189-0897-4E04-BFC0-BF2C1FED7845}.Release|iPhoneSimulator.Deploy.0 = Release|Any CPU
	EndGlobalSection
	GlobalSection(SolutionProperties) = preSolution
		HideSolutionNode = FALSE
	EndGlobalSection
	GlobalSection(ExtensibilityGlobals) = postSolution
		SolutionGuid = {A3CF85A9-4D83-4DD1-8760-5984060DE71D}
	EndGlobalSection
EndGlobal
